
Microsoft Visual Studio Solution File, Format Version 12.00
# Visual Studio 15
VisualStudioVersion = 15.0.28307.539
MinimumVisualStudioVersion = 10.0.40219.1
Project("{FAE04EC0-301F-11D3-BF4B-00C04F79EFBC}") = "WindowsFormsApp34", "WindowsFormsApp34.csproj", "{EE51B2DA-C2BF-4810-8FD3-6C0FE7888928}"
EndProject
Global
	GlobalSection(SolutionConfigurationPlatforms) = preSolution
		Debug|Any CPU = Debug|Any CPU
		Release|Any CPU = Release|Any CPU
	EndGlobalSection
	GlobalSection(ProjectConfigurationPlatforms) = postSolution
		{EE51B2DA-C2BF-4810-8FD3-6C0FE7888928}.Debug|Any CPU.ActiveCfg = Debug|Any CPU
		{EE51B2DA-C2BF-4810-8FD3-6C0FE7888928}.Debug|Any CPU.Build.0 = Debug|Any CPU
		{EE51B2DA-C2BF-4810-8FD3-6C0FE7888928}.Release|Any CPU.ActiveCfg = Release|Any CPU
		{EE51B2DA-C2BF-4810-8FD3-6C0FE7888928}.Release|Any CPU.Build.0 = Release|Any CPU
	EndGlobalSection
	GlobalSection(SolutionProperties) = preSolution
		HideSolutionNode = FALSE
	EndGlobalSection
	GlobalSection(ExtensibilityGlobals) = postSolution
		SolutionGuid = {2242AAD6-7A23-4B41-A900-683551067125}
	EndGlobalSection
EndGlobal
